# This file is generated by running "yarn install" inside your project.
# Manual changes might be lost - proceed with caution!

__metadata:
  version: 4
  cacheKey: 7

"@smrq/3d-prints@workspace:.":
  version: 0.0.0-use.local
  resolution: "@smrq/3d-prints@workspace:."
  dependencies:
    "@smrq/openscad-js": ^1.0.4
  languageName: unknown
  linkType: soft

"@smrq/openscad-js@npm:^1.0.4":
  version: 1.0.4
  resolution: "@smrq/openscad-js@npm:1.0.4"
  checksum: 713729f46b37ac5b5700fe5a58e6869c1bcb26d59b25a0b12a694316da446ae2f1fe710f96831f1016f387a05a93460b88b3126bbb44d5f5d36b5407705fe49a
  languageName: node
  linkType: hard
